
Microsoft Visual Studio Solution File, Format Version 12.00
# Visual Studio Version 17
VisualStudioVersion = 17.2.32516.85
MinimumVisualStudioVersion = 10.0.40219.1
Project("{FAE04EC0-301F-11D3-BF4B-00C04F79EFBC}") = "Task-Management-System", "Task-Management-System\Task-Management-System.csproj", "{FEBFD9C8-FD1F-48D8-BAD0-FB4FF89B679A}"
EndProject
Global
	GlobalSection(SolutionConfigurationPlatforms) = preSolution
		Debug|Any CPU = Debug|Any CPU
		Release|Any CPU = Release|Any CPU
	EndGlobalSection
	GlobalSection(ProjectConfigurationPlatforms) = postSolution
		{FEBFD9C8-FD1F-48D8-BAD0-FB4FF89B679A}.Debug|Any CPU.ActiveCfg = Debug|Any CPU
		{FEBFD9C8-FD1F-48D8-BAD0-FB4FF89B679A}.Debug|Any CPU.Build.0 = Debug|Any CPU
		{FEBFD9C8-FD1F-48D8-BAD0-FB4FF89B679A}.Release|Any CPU.ActiveCfg = Release|Any CPU
		{FEBFD9C8-FD1F-48D8-BAD0-FB4FF89B679A}.Release|Any CPU.Build.0 = Release|Any CPU
	EndGlobalSection
	GlobalSection(SolutionProperties) = preSolution
		HideSolutionNode = FALSE
	EndGlobalSection
	GlobalSection(ExtensibilityGlobals) = postSolution
		SolutionGuid = {82483E9A-7EFA-45F3-8287-7E6E3C917176}
	EndGlobalSection
EndGlobal
